
Microsoft Visual Studio Solution File, Format Version 12.00
# Visual Studio Version 17
VisualStudioVersion = 17.8.34601.278
MinimumVisualStudioVersion = 10.0.40219.1
Project("{FAE04EC0-301F-11D3-BF4B-00C04F79EFBC}") = "SMarketplace", "SMarketplace\SMarketplace.csproj", "{83CF43AE-3C0A-47B1-8FAA-F0C5DF56247B}"
EndProject
Global
	GlobalSection(SolutionConfigurationPlatforms) = preSolution
		Debug|Any CPU = Debug|Any CPU
		Release|Any CPU = Release|Any CPU
	EndGlobalSection
	GlobalSection(ProjectConfigurationPlatforms) = postSolution
		{83CF43AE-3C0A-47B1-8FAA-F0C5DF56247B}.Debug|Any CPU.ActiveCfg = Debug|Any CPU
		{83CF43AE-3C0A-47B1-8FAA-F0C5DF56247B}.Debug|Any CPU.Build.0 = Debug|Any CPU
		{83CF43AE-3C0A-47B1-8FAA-F0C5DF56247B}.Release|Any CPU.ActiveCfg = Release|Any CPU
		{83CF43AE-3C0A-47B1-8FAA-F0C5DF56247B}.Release|Any CPU.Build.0 = Release|Any CPU
	EndGlobalSection
	GlobalSection(SolutionProperties) = preSolution
		HideSolutionNode = FALSE
	EndGlobalSection
	GlobalSection(ExtensibilityGlobals) = postSolution
		SolutionGuid = {AE1E024C-B975-41DC-B2B0-E12C666E630A}
	EndGlobalSection
EndGlobal
